[[package]]
category = "main"
description = "Quickly add a competent textual user interface to your python program."
name = "tui"
optional = false
python-versions = "*"
version = "1.1.1"

[metadata]
content-hash = "7ab72349bf0f5614578af532bbd5e479ed80f45761a81ba419058c22595a4fa5"
python-versions = "^3.8"

[metadata.files]
tui = [
    {file = "tui-1.1.1.tar.gz", hash = "sha256:f99a79b1f3d37cea6ca5b108a046990e58c90921384cc08af4a16832e2ee6b50"},
    {file = "tui-1.1.1.zip", hash = "sha256:a21cc628f6c57ad771ab5ad4fced725facadbb91dd6019ea91b15dff646ef163"},
]
